
Microsoft Visual Studio Solution File, Format Version 12.00
# Visual Studio Version 17
VisualStudioVersion = 17.2.32630.192
MinimumVisualStudioVersion = 10.0.40219.1
Project("{FAE04EC0-301F-11D3-BF4B-00C04F79EFBC}") = "CardPirates.Bot.V2", "CardPirates.Bot.V2\CardPirates.Bot.V2.csproj", "{3E675FDA-21BC-422D-A832-29CC11FF65ED}"
EndProject
Global
	GlobalSection(SolutionConfigurationPlatforms) = preSolution
		Debug|Any CPU = Debug|Any CPU
		Release|Any CPU = Release|Any CPU
	EndGlobalSection
	GlobalSection(ProjectConfigurationPlatforms) = postSolution
		{3E675FDA-21BC-422D-A832-29CC11FF65ED}.Debug|Any CPU.ActiveCfg = Debug|Any CPU
		{3E675FDA-21BC-422D-A832-29CC11FF65ED}.Debug|Any CPU.Build.0 = Debug|Any CPU
		{3E675FDA-21BC-422D-A832-29CC11FF65ED}.Release|Any CPU.ActiveCfg = Release|Any CPU
		{3E675FDA-21BC-422D-A832-29CC11FF65ED}.Release|Any CPU.Build.0 = Release|Any CPU
	EndGlobalSection
	GlobalSection(SolutionProperties) = preSolution
		HideSolutionNode = FALSE
	EndGlobalSection
	GlobalSection(ExtensibilityGlobals) = postSolution
		SolutionGuid = {B2DAE2C9-5066-4C92-BF65-D76F7D8D3D78}
	EndGlobalSection
EndGlobal
